
Microsoft Visual Studio Solution File, Format Version 12.00
# Visual Studio Version 16
VisualStudioVersion = 16.0.29519.87
MinimumVisualStudioVersion = 10.0.40219.1
Project("{FAE04EC0-301F-11D3-BF4B-00C04F79EFBC}") = "C2", "C2.csproj", "{01F3C141-B5FA-4E94-A210-3A6E3035BE22}"
EndProject
Global
	GlobalSection(SolutionConfigurationPlatforms) = preSolution
		Debug|Any CPU = Debug|Any CPU
		Release|Any CPU = Release|Any CPU
	EndGlobalSection
	GlobalSection(ProjectConfigurationPlatforms) = postSolution
		{01F3C141-B5FA-4E94-A210-3A6E3035BE22}.Debug|Any CPU.ActiveCfg = Debug|Any CPU
		{01F3C141-B5FA-4E94-A210-3A6E3035BE22}.Debug|Any CPU.Build.0 = Debug|Any CPU
		{01F3C141-B5FA-4E94-A210-3A6E3035BE22}.Release|Any CPU.ActiveCfg = Release|Any CPU
		{01F3C141-B5FA-4E94-A210-3A6E3035BE22}.Release|Any CPU.Build.0 = Release|Any CPU
	EndGlobalSection
	GlobalSection(SolutionProperties) = preSolution
		HideSolutionNode = FALSE
	EndGlobalSection
	GlobalSection(ExtensibilityGlobals) = postSolution
		SolutionGuid = {FD87E18A-C7F3-49B4-81D6-7B6B471C6BD9}
	EndGlobalSection
EndGlobal
